{
  "name": "@joerundmartinsen/rrose",
  "version": "0.2.0",
  "lockfileVersion": 1,
  "requires": true,
  "dependencies": {
    "@types/geojson": {
      "version": "7946.0.7",
      "resolved": "https://registry.npmjs.org/@types/geojson/-/geojson-7946.0.7.tgz",
      "integrity": "sha512-wE2v81i4C4Ol09RtsWFAqg3BUitWbHSpSlIo+bNdsCJijO9sjme+zm+73ZMCa/qMC8UEERxzGbvmr1cffo2SiQ=="
    },
    "@types/leaflet": {
      "version": "1.5.0",
      "resolved": "https://registry.npmjs.org/@types/leaflet/-/leaflet-1.5.0.tgz",
      "integrity": "sha512-il6N/CP31AjvhYkWcQg9RAo/irfA88Qgs4r2AY8mVOU+btF4d60d/nI4M2rFuV+HyByQCItFfwj0yoPRMoMurQ==",
      "requires": {
        "@types/geojson": "*"
      }
    },
    "leaflet": {
      "version": "1.5.1",
      "resolved": "https://registry.npmjs.org/leaflet/-/leaflet-1.5.1.tgz",
      "integrity": "sha512-ekM9KAeG99tYisNBg0IzEywAlp0hYI5XRipsqRXyRTeuU8jcuntilpp+eFf5gaE0xubc9RuSNIVtByEKwqFV0w=="
    }
  }
}
